
Microsoft Visual Studio Solution File, Format Version 12.00
# Visual Studio 15
VisualStudioVersion = 15.0.27428.2002
MinimumVisualStudioVersion = 10.0.40219.1
Project("{9A19103F-16F7-4668-BE54-9A1E7A4F7556}") = "TeamBuilder.Models", "TeamBuilder.Models\TeamBuilder.Models.csproj", "{0DE1CCDA-BC14-44FB-A4C6-A672B70159F7}"
EndProject
Project("{FAE04EC0-301F-11D3-BF4B-00C04F79EFBC}") = "TeamBuilder.App", "TeamBuilder.App\TeamBuilder.App.csproj", "{6BD7DB82-2D0B-4C82-94BF-91C254C528C4}"
EndProject
Global
	GlobalSection(SolutionConfigurationPlatforms) = preSolution
		Debug|Any CPU = Debug|Any CPU
		Release|Any CPU = Release|Any CPU
	EndGlobalSection
	GlobalSection(ProjectConfigurationPlatforms) = postSolution
		{0DE1CCDA-BC14-44FB-A4C6-A672B70159F7}.Debug|Any CPU.ActiveCfg = Debug|Any CPU
		{0DE1CCDA-BC14-44FB-A4C6-A672B70159F7}.Debug|Any CPU.Build.0 = Debug|Any CPU
		{0DE1CCDA-BC14-44FB-A4C6-A672B70159F7}.Release|Any CPU.ActiveCfg = Release|Any CPU
		{0DE1CCDA-BC14-44FB-A4C6-A672B70159F7}.Release|Any CPU.Build.0 = Release|Any CPU
		{6BD7DB82-2D0B-4C82-94BF-91C254C528C4}.Debug|Any CPU.ActiveCfg = Debug|Any CPU
		{6BD7DB82-2D0B-4C82-94BF-91C254C528C4}.Debug|Any CPU.Build.0 = Debug|Any CPU
		{6BD7DB82-2D0B-4C82-94BF-91C254C528C4}.Release|Any CPU.ActiveCfg = Release|Any CPU
		{6BD7DB82-2D0B-4C82-94BF-91C254C528C4}.Release|Any CPU.Build.0 = Release|Any CPU
	EndGlobalSection
	GlobalSection(SolutionProperties) = preSolution
		HideSolutionNode = FALSE
	EndGlobalSection
	GlobalSection(ExtensibilityGlobals) = postSolution
		SolutionGuid = {D025E7CB-097E-46C6-9FE6-9988FFEA33B7}
	EndGlobalSection
EndGlobal
