
Microsoft Visual Studio Solution File, Format Version 12.00
# Visual Studio 15
VisualStudioVersion = 15.0.27428.2002
MinimumVisualStudioVersion = 10.0.40219.1
Project("{FAE04EC0-301F-11D3-BF4B-00C04F79EFBC}") = "EmployeeManagement.Models", "EmployeeManagement.Models\EmployeeManagement.Models.csproj", "{4E84B654-FE8E-4EF3-88D3-76109AA002C4}"
EndProject
Project("{FAE04EC0-301F-11D3-BF4B-00C04F79EFBC}") = "EmployeeManagement.Data", "EmployeeManagement.Data\EmployeeManagement.Data.csproj", "{95D92DCF-4753-4842-8255-AFEBFBCCA9B5}"
EndProject
Project("{FAE04EC0-301F-11D3-BF4B-00C04F79EFBC}") = "EmployeeManagement.Client", "EmployeeManagement.Client\EmployeeManagement.Client.csproj", "{BE32D7C4-EE49-42EF-9E10-E0CDE61AA4C7}"
EndProject
Global
	GlobalSection(SolutionConfigurationPlatforms) = preSolution
		Debug|Any CPU = Debug|Any CPU
		Release|Any CPU = Release|Any CPU
	EndGlobalSection
	GlobalSection(ProjectConfigurationPlatforms) = postSolution
		{4E84B654-FE8E-4EF3-88D3-76109AA002C4}.Debug|Any CPU.ActiveCfg = Debug|Any CPU
		{4E84B654-FE8E-4EF3-88D3-76109AA002C4}.Debug|Any CPU.Build.0 = Debug|Any CPU
		{4E84B654-FE8E-4EF3-88D3-76109AA002C4}.Release|Any CPU.ActiveCfg = Release|Any CPU
		{4E84B654-FE8E-4EF3-88D3-76109AA002C4}.Release|Any CPU.Build.0 = Release|Any CPU
		{95D92DCF-4753-4842-8255-AFEBFBCCA9B5}.Debug|Any CPU.ActiveCfg = Debug|Any CPU
		{95D92DCF-4753-4842-8255-AFEBFBCCA9B5}.Debug|Any CPU.Build.0 = Debug|Any CPU
		{95D92DCF-4753-4842-8255-AFEBFBCCA9B5}.Release|Any CPU.ActiveCfg = Release|Any CPU
		{95D92DCF-4753-4842-8255-AFEBFBCCA9B5}.Release|Any CPU.Build.0 = Release|Any CPU
		{BE32D7C4-EE49-42EF-9E10-E0CDE61AA4C7}.Debug|Any CPU.ActiveCfg = Debug|Any CPU
		{BE32D7C4-EE49-42EF-9E10-E0CDE61AA4C7}.Debug|Any CPU.Build.0 = Debug|Any CPU
		{BE32D7C4-EE49-42EF-9E10-E0CDE61AA4C7}.Release|Any CPU.ActiveCfg = Release|Any CPU
		{BE32D7C4-EE49-42EF-9E10-E0CDE61AA4C7}.Release|Any CPU.Build.0 = Release|Any CPU
	EndGlobalSection
	GlobalSection(SolutionProperties) = preSolution
		HideSolutionNode = FALSE
	EndGlobalSection
	GlobalSection(ExtensibilityGlobals) = postSolution
		SolutionGuid = {70DC3B42-5392-4A43-ADC5-4F7F484AB35D}
	EndGlobalSection
EndGlobal
