
Microsoft Visual Studio Solution File, Format Version 12.00
# Visual Studio 15
VisualStudioVersion = 15.0.27428.2002
MinimumVisualStudioVersion = 10.0.40219.1
Project("{FAE04EC0-301F-11D3-BF4B-00C04F79EFBC}") = "StudentSystem.Models", "StudentSystem.Models\StudentSystem.Models.csproj", "{5B0FF1E1-5A0D-430D-8636-86D191F240D6}"
EndProject
Project("{FAE04EC0-301F-11D3-BF4B-00C04F79EFBC}") = "StudentSystem.Data", "StudentSystem.Data\StudentSystem.Data.csproj", "{CE89CBFF-D895-4F6A-BD88-8D20131AD01E}"
EndProject
Project("{FAE04EC0-301F-11D3-BF4B-00C04F79EFBC}") = "StudentSystem.Client", "StudentSystem.Client\StudentSystem.Client.csproj", "{4F82D4A3-EFC2-4568-BE9C-C0045525DA10}"
EndProject
Global
	GlobalSection(SolutionConfigurationPlatforms) = preSolution
		Debug|Any CPU = Debug|Any CPU
		Release|Any CPU = Release|Any CPU
	EndGlobalSection
	GlobalSection(ProjectConfigurationPlatforms) = postSolution
		{5B0FF1E1-5A0D-430D-8636-86D191F240D6}.Debug|Any CPU.ActiveCfg = Debug|Any CPU
		{5B0FF1E1-5A0D-430D-8636-86D191F240D6}.Debug|Any CPU.Build.0 = Debug|Any CPU
		{5B0FF1E1-5A0D-430D-8636-86D191F240D6}.Release|Any CPU.ActiveCfg = Release|Any CPU
		{5B0FF1E1-5A0D-430D-8636-86D191F240D6}.Release|Any CPU.Build.0 = Release|Any CPU
		{CE89CBFF-D895-4F6A-BD88-8D20131AD01E}.Debug|Any CPU.ActiveCfg = Debug|Any CPU
		{CE89CBFF-D895-4F6A-BD88-8D20131AD01E}.Debug|Any CPU.Build.0 = Debug|Any CPU
		{CE89CBFF-D895-4F6A-BD88-8D20131AD01E}.Release|Any CPU.ActiveCfg = Release|Any CPU
		{CE89CBFF-D895-4F6A-BD88-8D20131AD01E}.Release|Any CPU.Build.0 = Release|Any CPU
		{4F82D4A3-EFC2-4568-BE9C-C0045525DA10}.Debug|Any CPU.ActiveCfg = Debug|Any CPU
		{4F82D4A3-EFC2-4568-BE9C-C0045525DA10}.Debug|Any CPU.Build.0 = Debug|Any CPU
		{4F82D4A3-EFC2-4568-BE9C-C0045525DA10}.Release|Any CPU.ActiveCfg = Release|Any CPU
		{4F82D4A3-EFC2-4568-BE9C-C0045525DA10}.Release|Any CPU.Build.0 = Release|Any CPU
	EndGlobalSection
	GlobalSection(SolutionProperties) = preSolution
		HideSolutionNode = FALSE
	EndGlobalSection
	GlobalSection(ExtensibilityGlobals) = postSolution
		SolutionGuid = {5BD639AB-0EC9-4376-A95C-854D2E6C7C22}
	EndGlobalSection
EndGlobal
